// !$*UTF8*$!
{
	archiveVersion = 1;
	classes = {
	};
	objectVersion = 46;
	objects = {

/* Begin PBXBuildFile section */
		12F1047F5830B2EC5E7491CE /* libPods-GDataBaseExample.a in Frameworks */ = {isa = PBXBuildFile; fileRef = 2C66DB7661C5BB2A6A325893 /* libPods-GDataBaseExample.a */; };
		2B072F911F5D9B4F0002BF0B /* main.m in Sources */ = {isa = PBXBuildFile; fileRef = 2B072F901F5D9B4F0002BF0B /* main.m */; };
		2B072F941F5D9B4F0002BF0B /* AppDelegate.m in Sources */ = {isa = PBXBuildFile; fileRef = 2B072F931F5D9B4F0002BF0B /* AppDelegate.m */; };
		2B072F971F5D9B4F0002BF0B /* ViewController.m in Sources */ = {isa = PBXBuildFile; fileRef = 2B072F961F5D9B4F0002BF0B /* ViewController.m */; };
		2B072F9A1F5D9B4F0002BF0B /* Main.storyboard in Resources */ = {isa = PBXBuildFile; fileRef = 2B072F981F5D9B4F0002BF0B /* Main.storyboard */; };
		2B072F9C1F5D9B4F0002BF0B /* Assets.xcassets in Resources */ = {isa = PBXBuildFile; fileRef = 2B072F9B1F5D9B4F0002BF0B /* Assets.xcassets */; };
		2B072F9F1F5D9B4F0002BF0B /* LaunchScreen.storyboard in Resources */ = {isa = PBXBuildFile; fileRef = 2B072F9D1F5D9B4F0002BF0B /* LaunchScreen.storyboard */; };
		2B072FAA1F5D9B4F0002BF0B /* GDataBaseExampleTests.m in Sources */ = {isa = PBXBuildFile; fileRef = 2B072FA91F5D9B4F0002BF0B /* GDataBaseExampleTests.m */; };
		2B072FB51F5D9B4F0002BF0B /* GDataBaseExampleUITests.m in Sources */ = {isa = PBXBuildFile; fileRef = 2B072FB41F5D9B4F0002BF0B /* GDataBaseExampleUITests.m */; };
		2B072FCB1F5D9B670002BF0B /* GDataBase.m in Sources */ = {isa = PBXBuildFile; fileRef = 2B072FC41F5D9B670002BF0B /* GDataBase.m */; };
		2B072FCC1F5D9B670002BF0B /* GDataBaseUtils.m in Sources */ = {isa = PBXBuildFile; fileRef = 2B072FC61F5D9B670002BF0B /* GDataBaseUtils.m */; };
		2B072FCD1F5D9B670002BF0B /* GDBCore.m in Sources */ = {isa = PBXBuildFile; fileRef = 2B072FC91F5D9B670002BF0B /* GDBCore.m */; };
		2B072FD81F5D9C8A0002BF0B /* GAppsDataViewModel.m in Sources */ = {isa = PBXBuildFile; fileRef = 2B072FCF1F5D9C8A0002BF0B /* GAppsDataViewModel.m */; };
		2B072FD91F5D9C8A0002BF0B /* GAutoPrimaryKeyModel.m in Sources */ = {isa = PBXBuildFile; fileRef = 2B072FD11F5D9C8A0002BF0B /* GAutoPrimaryKeyModel.m */; };
		2B072FDA1F5D9C8A0002BF0B /* GBlackListModel.m in Sources */ = {isa = PBXBuildFile; fileRef = 2B072FD31F5D9C8A0002BF0B /* GBlackListModel.m */; };
		2B072FDB1F5D9C8A0002BF0B /* GMutilKeyModel.m in Sources */ = {isa = PBXBuildFile; fileRef = 2B072FD51F5D9C8A0002BF0B /* GMutilKeyModel.m */; };
		2B072FDC1F5D9C8A0002BF0B /* GTableA.m in Sources */ = {isa = PBXBuildFile; fileRef = 2B072FD71F5D9C8A0002BF0B /* GTableA.m */; };
		2B072FE21F5D9C990002BF0B /* model.json in Resources */ = {isa = PBXBuildFile; fileRef = 2B072FDD1F5D9C990002BF0B /* model.json */; };
		2B072FE31F5D9C990002BF0B /* NSJSONSerialization+Utils.m in Sources */ = {isa = PBXBuildFile; fileRef = 2B072FDF1F5D9C990002BF0B /* NSJSONSerialization+Utils.m */; };
		2B072FE41F5D9C990002BF0B /* SQLiteReserveModel.m in Sources */ = {isa = PBXBuildFile; fileRef = 2B072FE11F5D9C990002BF0B /* SQLiteReserveModel.m */; };
		2BCAF9B3217EF79100633F93 /* model2.json in Resources */ = {isa = PBXBuildFile; fileRef = 2BCAF9B2217EF79100633F93 /* model2.json */; };
		761BB2747522844B6BAC16C8 /* libPods-GDataBaseExampleTests.a in Frameworks */ = {isa = PBXBuildFile; fileRef = 3EF069136758E11870F26A5A /* libPods-GDataBaseExampleTests.a */; };
		BD3E11C3F478D605CD75826C /* libPods-GDataBaseExampleUITests.a in Frameworks */ = {isa = PBXBuildFile; fileRef = EBD41921522E407A3EBA4C94 /* libPods-GDataBaseExampleUITests.a */; };
/* End PBXBuildFile section */

/* Begin PBXContainerItemProxy section */
		2B072FA61F5D9B4F0002BF0B /* PBXContainerItemProxy */ = {
			isa = PBXContainerItemProxy;
			containerPortal = 2B072F841F5D9B4F0002BF0B /* Project object */;
			proxyType = 1;
			remoteGlobalIDString = 2B072F8B1F5D9B4F0002BF0B;
			remoteInfo = GDataBaseExample;
		};
		2B072FB11F5D9B4F0002BF0B /* PBXContainerItemProxy */ = {
			isa = PBXContainerItemProxy;
			containerPortal = 2B072F841F5D9B4F0002BF0B /* Project object */;
			proxyType = 1;
			remoteGlobalIDString = 2B072F8B1F5D9B4F0002BF0B;
			remoteInfo = GDataBaseExample;
		};
/* End PBXContainerItemProxy section */

/* Begin PBXFileReference section */
		0BFFB1A66FEC94A4D31FC7DD /* Pods-GDataBaseExampleTests.debug.xcconfig */ = {isa = PBXFileReference; includeInIndex = 1; lastKnownFileType = text.xcconfig; name = "Pods-GDataBaseExampleTests.debug.xcconfig"; path = "Pods/Target Support Files/Pods-GDataBaseExampleTests/Pods-GDataBaseExampleTests.debug.xcconfig"; sourceTree = "<group>"; };
		226C12CC6251D5A04474D89B /* Pods-GDataBaseExampleUITests.release.xcconfig */ = {isa = PBXFileReference; includeInIndex = 1; lastKnownFileType = text.xcconfig; name = "Pods-GDataBaseExampleUITests.release.xcconfig"; path = "Pods/Target Support Files/Pods-GDataBaseExampleUITests/Pods-GDataBaseExampleUITests.release.xcconfig"; sourceTree = "<group>"; };
		2A70A4D004FAC13F56ECC321 /* Pods-GDataBaseExampleUITests.debug.xcconfig */ = {isa = PBXFileReference; includeInIndex = 1; lastKnownFileType = text.xcconfig; name = "Pods-GDataBaseExampleUITests.debug.xcconfig"; path = "Pods/Target Support Files/Pods-GDataBaseExampleUITests/Pods-GDataBaseExampleUITests.debug.xcconfig"; sourceTree = "<group>"; };
		2B072F8C1F5D9B4F0002BF0B /* GDataBaseExample.app */ = {isa = PBXFileReference; explicitFileType = wrapper.application; includeInIndex = 0; path = GDataBaseExample.app; sourceTree = BUILT_PRODUCTS_DIR; };
		2B072F901F5D9B4F0002BF0B /* main.m */ = {isa = PBXFileReference; lastKnownFileType = sourcecode.c.objc; path = main.m; sourceTree = "<group>"; };
		2B072F921F5D9B4F0002BF0B /* AppDelegate.h */ = {isa = PBXFileReference; lastKnownFileType = sourcecode.c.h; path = AppDelegate.h; sourceTree = "<group>"; };
		2B072F931F5D9B4F0002BF0B /* AppDelegate.m */ = {isa = PBXFileReference; lastKnownFileType = sourcecode.c.objc; path = AppDelegate.m; sourceTree = "<group>"; };
		2B072F951F5D9B4F0002BF0B /* ViewController.h */ = {isa = PBXFileReference; lastKnownFileType = sourcecode.c.h; path = ViewController.h; sourceTree = "<group>"; };
		2B072F961F5D9B4F0002BF0B /* ViewController.m */ = {isa = PBXFileReference; lastKnownFileType = sourcecode.c.objc; path = ViewController.m; sourceTree = "<group>"; };
		2B072F991F5D9B4F0002BF0B /* Base */ = {isa = PBXFileReference; lastKnownFileType = file.storyboard; name = Base; path = Base.lproj/Main.storyboard; sourceTree = "<group>"; };
		2B072F9B1F5D9B4F0002BF0B /* Assets.xcassets */ = {isa = PBXFileReference; lastKnownFileType = folder.assetcatalog; path = Assets.xcassets; sourceTree = "<group>"; };
		2B072F9E1F5D9B4F0002BF0B /* Base */ = {isa = PBXFileReference; lastKnownFileType = file.storyboard; name = Base; path = Base.lproj/LaunchScreen.storyboard; sourceTree = "<group>"; };
		2B072FA01F5D9B4F0002BF0B /* Info.plist */ = {isa = PBXFileReference; lastKnownFileType = text.plist.xml; path = Info.plist; sourceTree = "<group>"; };
		2B072FA51F5D9B4F0002BF0B /* GDataBaseExampleTests.xctest */ = {isa = PBXFileReference; explicitFileType = wrapper.cfbundle; includeInIndex = 0; path = GDataBaseExampleTests.xctest; sourceTree = BUILT_PRODUCTS_DIR; };
		2B072FA91F5D9B4F0002BF0B /* GDataBaseExampleTests.m */ = {isa = PBXFileReference; lastKnownFileType = sourcecode.c.objc; path = GDataBaseExampleTests.m; sourceTree = "<group>"; };
		2B072FAB1F5D9B4F0002BF0B /* Info.plist */ = {isa = PBXFileReference; lastKnownFileType = text.plist.xml; path = Info.plist; sourceTree = "<group>"; };
		2B072FB01F5D9B4F0002BF0B /* GDataBaseExampleUITests.xctest */ = {isa = PBXFileReference; explicitFileType = wrapper.cfbundle; includeInIndex = 0; path = GDataBaseExampleUITests.xctest; sourceTree = BUILT_PRODUCTS_DIR; };
		2B072FB41F5D9B4F0002BF0B /* GDataBaseExampleUITests.m */ = {isa = PBXFileReference; lastKnownFileType = sourcecode.c.objc; path = GDataBaseExampleUITests.m; sourceTree = "<group>"; };
		2B072FB61F5D9B4F0002BF0B /* Info.plist */ = {isa = PBXFileReference; lastKnownFileType = text.plist.xml; path = Info.plist; sourceTree = "<group>"; };
		2B072FC31F5D9B670002BF0B /* GDataBase.h */ = {isa = PBXFileReference; fileEncoding = 4; lastKnownFileType = sourcecode.c.h; path = GDataBase.h; sourceTree = "<group>"; };
		2B072FC41F5D9B670002BF0B /* GDataBase.m */ = {isa = PBXFileReference; fileEncoding = 4; lastKnownFileType = sourcecode.c.objc; path = GDataBase.m; sourceTree = "<group>"; };
		2B072FC51F5D9B670002BF0B /* GDataBaseUtils.h */ = {isa = PBXFileReference; fileEncoding = 4; lastKnownFileType = sourcecode.c.h; path = GDataBaseUtils.h; sourceTree = "<group>"; };
		2B072FC61F5D9B670002BF0B /* GDataBaseUtils.m */ = {isa = PBXFileReference; fileEncoding = 4; lastKnownFileType = sourcecode.c.objc; path = GDataBaseUtils.m; sourceTree = "<group>"; };
		2B072FC71F5D9B670002BF0B /* GDataObjectProtocol.h */ = {isa = PBXFileReference; fileEncoding = 4; lastKnownFileType = sourcecode.c.h; path = GDataObjectProtocol.h; sourceTree = "<group>"; };
		2B072FC81F5D9B670002BF0B /* GDBCore.h */ = {isa = PBXFileReference; fileEncoding = 4; lastKnownFileType = sourcecode.c.h; path = GDBCore.h; sourceTree = "<group>"; };
		2B072FC91F5D9B670002BF0B /* GDBCore.m */ = {isa = PBXFileReference; fileEncoding = 4; lastKnownFileType = sourcecode.c.objc; path = GDBCore.m; sourceTree = "<group>"; };
		2B072FCA1F5D9B670002BF0B /* GDBCoreInterface.h */ = {isa = PBXFileReference; fileEncoding = 4; lastKnownFileType = sourcecode.c.h; path = GDBCoreInterface.h; sourceTree = "<group>"; };
		2B072FCE1F5D9C8A0002BF0B /* GAppsDataViewModel.h */ = {isa = PBXFileReference; fileEncoding = 4; lastKnownFileType = sourcecode.c.h; path = GAppsDataViewModel.h; sourceTree = "<group>"; };
		2B072FCF1F5D9C8A0002BF0B /* GAppsDataViewModel.m */ = {isa = PBXFileReference; fileEncoding = 4; lastKnownFileType = sourcecode.c.objc; path = GAppsDataViewModel.m; sourceTree = "<group>"; };
		2B072FD01F5D9C8A0002BF0B /* GAutoPrimaryKeyModel.h */ = {isa = PBXFileReference; fileEncoding = 4; lastKnownFileType = sourcecode.c.h; path = GAutoPrimaryKeyModel.h; sourceTree = "<group>"; };
		2B072FD11F5D9C8A0002BF0B /* GAutoPrimaryKeyModel.m */ = {isa = PBXFileReference; fileEncoding = 4; lastKnownFileType = sourcecode.c.objc; path = GAutoPrimaryKeyModel.m; sourceTree = "<group>"; };
		2B072FD21F5D9C8A0002BF0B /* GBlackListModel.h */ = {isa = PBXFileReference; fileEncoding = 4; lastKnownFileType = sourcecode.c.h; path = GBlackListModel.h; sourceTree = "<group>"; };
		2B072FD31F5D9C8A0002BF0B /* GBlackListModel.m */ = {isa = PBXFileReference; fileEncoding = 4; lastKnownFileType = sourcecode.c.objc; path = GBlackListModel.m; sourceTree = "<group>"; };
		2B072FD41F5D9C8A0002BF0B /* GMutilKeyModel.h */ = {isa = PBXFileReference; fileEncoding = 4; lastKnownFileType = sourcecode.c.h; path = GMutilKeyModel.h; sourceTree = "<group>"; };
		2B072FD51F5D9C8A0002BF0B /* GMutilKeyModel.m */ = {isa = PBXFileReference; fileEncoding = 4; lastKnownFileType = sourcecode.c.objc; path = GMutilKeyModel.m; sourceTree = "<group>"; };
		2B072FD61F5D9C8A0002BF0B /* GTableA.h */ = {isa = PBXFileReference; fileEncoding = 4; lastKnownFileType = sourcecode.c.h; path = GTableA.h; sourceTree = "<group>"; };
		2B072FD71F5D9C8A0002BF0B /* GTableA.m */ = {isa = PBXFileReference; fileEncoding = 4; lastKnownFileType = sourcecode.c.objc; path = GTableA.m; sourceTree = "<group>"; };
		2B072FDD1F5D9C990002BF0B /* model.json */ = {isa = PBXFileReference; fileEncoding = 4; lastKnownFileType = text.json; path = model.json; sourceTree = "<group>"; };
		2B072FDE1F5D9C990002BF0B /* NSJSONSerialization+Utils.h */ = {isa = PBXFileReference; fileEncoding = 4; lastKnownFileType = sourcecode.c.h; path = "NSJSONSerialization+Utils.h"; sourceTree = "<group>"; };
		2B072FDF1F5D9C990002BF0B /* NSJSONSerialization+Utils.m */ = {isa = PBXFileReference; fileEncoding = 4; lastKnownFileType = sourcecode.c.objc; path = "NSJSONSerialization+Utils.m"; sourceTree = "<group>"; };
		2B072FE01F5D9C990002BF0B /* SQLiteReserveModel.h */ = {isa = PBXFileReference; fileEncoding = 4; lastKnownFileType = sourcecode.c.h; path = SQLiteReserveModel.h; sourceTree = "<group>"; };
		2B072FE11F5D9C990002BF0B /* SQLiteReserveModel.m */ = {isa = PBXFileReference; fileEncoding = 4; lastKnownFileType = sourcecode.c.objc; path = SQLiteReserveModel.m; sourceTree = "<group>"; };
		2BCAF9B2217EF79100633F93 /* model2.json */ = {isa = PBXFileReference; fileEncoding = 4; lastKnownFileType = text.json; path = model2.json; sourceTree = "<group>"; };
		2C66DB7661C5BB2A6A325893 /* libPods-GDataBaseExample.a */ = {isa = PBXFileReference; explicitFileType = archive.ar; includeInIndex = 0; path = "libPods-GDataBaseExample.a"; sourceTree = BUILT_PRODUCTS_DIR; };
		3EF069136758E11870F26A5A /* libPods-GDataBaseExampleTests.a */ = {isa = PBXFileReference; explicitFileType = archive.ar; includeInIndex = 0; path = "libPods-GDataBaseExampleTests.a"; sourceTree = BUILT_PRODUCTS_DIR; };
		58A4012957001C9423EC571C /* Pods-GDataBaseExample.debug.xcconfig */ = {isa = PBXFileReference; includeInIndex = 1; lastKnownFileType = text.xcconfig; name = "Pods-GDataBaseExample.debug.xcconfig"; path = "Pods/Target Support Files/Pods-GDataBaseExample/Pods-GDataBaseExample.debug.xcconfig"; sourceTree = "<group>"; };
		B468624567ED37F7BC4A604C /* Pods-GDataBaseExampleTests.release.xcconfig */ = {isa = PBXFileReference; includeInIndex = 1; lastKnownFileType = text.xcconfig; name = "Pods-GDataBaseExampleTests.release.xcconfig"; path = "Pods/Target Support Files/Pods-GDataBaseExampleTests/Pods-GDataBaseExampleTests.release.xcconfig"; sourceTree = "<group>"; };
		E7579C4324749E2A8FF8CC37 /* Pods-GDataBaseExample.release.xcconfig */ = {isa = PBXFileReference; includeInIndex = 1; lastKnownFileType = text.xcconfig; name = "Pods-GDataBaseExample.release.xcconfig"; path = "Pods/Target Support Files/Pods-GDataBaseExample/Pods-GDataBaseExample.release.xcconfig"; sourceTree = "<group>"; };
		EBD41921522E407A3EBA4C94 /* libPods-GDataBaseExampleUITests.a */ = {isa = PBXFileReference; explicitFileType = archive.ar; includeInIndex = 0; path = "libPods-GDataBaseExampleUITests.a"; sourceTree = BUILT_PRODUCTS_DIR; };
/* End PBXFileReference section */

/* Begin PBXFrameworksBuildPhase section */
		2B072F891F5D9B4F0002BF0B /* Frameworks */ = {
			isa = PBXFrameworksBuildPhase;
			buildActionMask = 2147483647;
			files = (
				12F1047F5830B2EC5E7491CE /* libPods-GDataBaseExample.a in Frameworks */,
			);
			runOnlyForDeploymentPostprocessing = 0;
		};
		2B072FA21F5D9B4F0002BF0B /* Frameworks */ = {
			isa = PBXFrameworksBuildPhase;
			buildActionMask = 2147483647;
			files = (
				761BB2747522844B6BAC16C8 /* libPods-GDataBaseExampleTests.a in Frameworks */,
			);
			runOnlyForDeploymentPostprocessing = 0;
		};
		2B072FAD1F5D9B4F0002BF0B /* Frameworks */ = {
			isa = PBXFrameworksBuildPhase;
			buildActionMask = 2147483647;
			files = (
				BD3E11C3F478D605CD75826C /* libPods-GDataBaseExampleUITests.a in Frameworks */,
			);
			runOnlyForDeploymentPostprocessing = 0;
		};
/* End PBXFrameworksBuildPhase section */

/* Begin PBXGroup section */
		2B072F831F5D9B4F0002BF0B = {
			isa = PBXGroup;
			children = (
				2B072FC21F5D9B670002BF0B /* GDataBase */,
				2B072F8E1F5D9B4F0002BF0B /* GDataBaseExample */,
				2B072FA81F5D9B4F0002BF0B /* GDataBaseExampleTests */,
				2B072FB31F5D9B4F0002BF0B /* GDataBaseExampleUITests */,
				2B072F8D1F5D9B4F0002BF0B /* Products */,
				38F6E5CC2216F75206B27B8D /* Pods */,
				C9910E1C8DF82641C5923B82 /* Frameworks */,
			);
			sourceTree = "<group>";
		};
		2B072F8D1F5D9B4F0002BF0B /* Products */ = {
			isa = PBXGroup;
			children = (
				2B072F8C1F5D9B4F0002BF0B /* GDataBaseExample.app */,
				2B072FA51F5D9B4F0002BF0B /* GDataBaseExampleTests.xctest */,
				2B072FB01F5D9B4F0002BF0B /* GDataBaseExampleUITests.xctest */,
			);
			name = Products;
			sourceTree = "<group>";
		};
		2B072F8E1F5D9B4F0002BF0B /* GDataBaseExample */ = {
			isa = PBXGroup;
			children = (
				2B072F921F5D9B4F0002BF0B /* AppDelegate.h */,
				2B072F931F5D9B4F0002BF0B /* AppDelegate.m */,
				2B072F951F5D9B4F0002BF0B /* ViewController.h */,
				2B072F961F5D9B4F0002BF0B /* ViewController.m */,
				2B072FCE1F5D9C8A0002BF0B /* GAppsDataViewModel.h */,
				2B072FCF1F5D9C8A0002BF0B /* GAppsDataViewModel.m */,
				2B072FD01F5D9C8A0002BF0B /* GAutoPrimaryKeyModel.h */,
				2B072FD11F5D9C8A0002BF0B /* GAutoPrimaryKeyModel.m */,
				2B072FD21F5D9C8A0002BF0B /* GBlackListModel.h */,
				2B072FD31F5D9C8A0002BF0B /* GBlackListModel.m */,
				2B072FD41F5D9C8A0002BF0B /* GMutilKeyModel.h */,
				2B072FD51F5D9C8A0002BF0B /* GMutilKeyModel.m */,
				2B072FD61F5D9C8A0002BF0B /* GTableA.h */,
				2B072FD71F5D9C8A0002BF0B /* GTableA.m */,
				2B072FDD1F5D9C990002BF0B /* model.json */,
				2BCAF9B2217EF79100633F93 /* model2.json */,
				2B072FDE1F5D9C990002BF0B /* NSJSONSerialization+Utils.h */,
				2B072FDF1F5D9C990002BF0B /* NSJSONSerialization+Utils.m */,
				2B072FE01F5D9C990002BF0B /* SQLiteReserveModel.h */,
				2B072FE11F5D9C990002BF0B /* SQLiteReserveModel.m */,
				2B072F981F5D9B4F0002BF0B /* Main.storyboard */,
				2B072F9B1F5D9B4F0002BF0B /* Assets.xcassets */,
				2B072F9D1F5D9B4F0002BF0B /* LaunchScreen.storyboard */,
				2B072FA01F5D9B4F0002BF0B /* Info.plist */,
				2B072F8F1F5D9B4F0002BF0B /* Supporting Files */,
			);
			path = GDataBaseExample;
			sourceTree = "<group>";
		};
		2B072F8F1F5D9B4F0002BF0B /* Supporting Files */ = {
			isa = PBXGroup;
			children = (
				2B072F901F5D9B4F0002BF0B /* main.m */,
			);
			name = "Supporting Files";
			sourceTree = "<group>";
		};
		2B072FA81F5D9B4F0002BF0B /* GDataBaseExampleTests */ = {
			isa = PBXGroup;
			children = (
				2B072FA91F5D9B4F0002BF0B /* GDataBaseExampleTests.m */,
				2B072FAB1F5D9B4F0002BF0B /* Info.plist */,
			);
			path = GDataBaseExampleTests;
			sourceTree = "<group>";
		};
		2B072FB31F5D9B4F0002BF0B /* GDataBaseExampleUITests */ = {
			isa = PBXGroup;
			children = (
				2B072FB41F5D9B4F0002BF0B /* GDataBaseExampleUITests.m */,
				2B072FB61F5D9B4F0002BF0B /* Info.plist */,
			);
			path = GDataBaseExampleUITests;
			sourceTree = "<group>";
		};
		2B072FC21F5D9B670002BF0B /* GDataBase */ = {
			isa = PBXGroup;
			children = (
				2B072FC31F5D9B670002BF0B /* GDataBase.h */,
				2B072FC41F5D9B670002BF0B /* GDataBase.m */,
				2B072FC51F5D9B670002BF0B /* GDataBaseUtils.h */,
				2B072FC61F5D9B670002BF0B /* GDataBaseUtils.m */,
				2B072FC71F5D9B670002BF0B /* GDataObjectProtocol.h */,
				2B072FC81F5D9B670002BF0B /* GDBCore.h */,
				2B072FC91F5D9B670002BF0B /* GDBCore.m */,
				2B072FCA1F5D9B670002BF0B /* GDBCoreInterface.h */,
			);
			path = GDataBase;
			sourceTree = "<group>";
		};
		38F6E5CC2216F75206B27B8D /* Pods */ = {
			isa = PBXGroup;
			children = (
				58A4012957001C9423EC571C /* Pods-GDataBaseExample.debug.xcconfig */,
				E7579C4324749E2A8FF8CC37 /* Pods-GDataBaseExample.release.xcconfig */,
				0BFFB1A66FEC94A4D31FC7DD /* Pods-GDataBaseExampleTests.debug.xcconfig */,
				B468624567ED37F7BC4A604C /* Pods-GDataBaseExampleTests.release.xcconfig */,
				2A70A4D004FAC13F56ECC321 /* Pods-GDataBaseExampleUITests.debug.xcconfig */,
				226C12CC6251D5A04474D89B /* Pods-GDataBaseExampleUITests.release.xcconfig */,
			);
			name = Pods;
			sourceTree = "<group>";
		};
		C9910E1C8DF82641C5923B82 /* Frameworks */ = {
			isa = PBXGroup;
			children = (
				2C66DB7661C5BB2A6A325893 /* libPods-GDataBaseExample.a */,
				3EF069136758E11870F26A5A /* libPods-GDataBaseExampleTests.a */,
				EBD41921522E407A3EBA4C94 /* libPods-GDataBaseExampleUITests.a */,
			);
			name = Frameworks;
			sourceTree = "<group>";
		};
/* End PBXGroup section */

/* Begin PBXNativeTarget section */
		2B072F8B1F5D9B4F0002BF0B /* GDataBaseExample */ = {
			isa = PBXNativeTarget;
			buildConfigurationList = 2B072FB91F5D9B4F0002BF0B /* Build configuration list for PBXNativeTarget "GDataBaseExample" */;
			buildPhases = (
				D69703A479CB99674C72E3FA /* [CP] Check Pods Manifest.lock */,
				2B072F881F5D9B4F0002BF0B /* Sources */,
				2B072F891F5D9B4F0002BF0B /* Frameworks */,
				2B072F8A1F5D9B4F0002BF0B /* Resources */,
				17AB07FB2B8EEB5C7F6B4EBC /* [CP] Embed Pods Frameworks */,
				BE6C9063F678A8FACFB8BC33 /* [CP] Copy Pods Resources */,
			);
			buildRules = (
			);
			dependencies = (
			);
			name = GDataBaseExample;
			productName = GDataBaseExample;
			productReference = 2B072F8C1F5D9B4F0002BF0B /* GDataBaseExample.app */;
			productType = "com.apple.product-type.application";
		};
		2B072FA41F5D9B4F0002BF0B /* GDataBaseExampleTests */ = {
			isa = PBXNativeTarget;
			buildConfigurationList = 2B072FBC1F5D9B4F0002BF0B /* Build configuration list for PBXNativeTarget "GDataBaseExampleTests" */;
			buildPhases = (
				CE95D210CF741F43D0500C55 /* [CP] Check Pods Manifest.lock */,
				2B072FA11F5D9B4F0002BF0B /* Sources */,
				2B072FA21F5D9B4F0002BF0B /* Frameworks */,
				2B072FA31F5D9B4F0002BF0B /* Resources */,
				2DDA830BFF4804AC270B1A68 /* [CP] Embed Pods Frameworks */,
				8A2212374270B5E4315D7C43 /* [CP] Copy Pods Resources */,
			);
			buildRules = (
			);
			dependencies = (
				2B072FA71F5D9B4F0002BF0B /* PBXTargetDependency */,
			);
			name = GDataBaseExampleTests;
			productName = GDataBaseExampleTests;
			productReference = 2B072FA51F5D9B4F0002BF0B /* GDataBaseExampleTests.xctest */;
			productType = "com.apple.product-type.bundle.unit-test";
		};
		2B072FAF1F5D9B4F0002BF0B /* GDataBaseExampleUITests */ = {
			isa = PBXNativeTarget;
			buildConfigurationList = 2B072FBF1F5D9B4F0002BF0B /* Build configuration list for PBXNativeTarget "GDataBaseExampleUITests" */;
			buildPhases = (
				2AF48F79EB04A5571D80FFE0 /* [CP] Check Pods Manifest.lock */,
				2B072FAC1F5D9B4F0002BF0B /* Sources */,
				2B072FAD1F5D9B4F0002BF0B /* Frameworks */,
				2B072FAE1F5D9B4F0002BF0B /* Resources */,
				434927A52C10186CB4FA5B36 /* [CP] Copy Pods Resources */,
			);
			buildRules = (
			);
			dependencies = (
				2B072FB21F5D9B4F0002BF0B /* PBXTargetDependency */,
			);
			name = GDataBaseExampleUITests;
			productName = GDataBaseExampleUITests;
			productReference = 2B072FB01F5D9B4F0002BF0B /* GDataBaseExampleUITests.xctest */;
			productType = "com.apple.product-type.bundle.ui-testing";
		};
/* End PBXNativeTarget section */

/* Begin PBXProject section */
		2B072F841F5D9B4F0002BF0B /* Project object */ = {
			isa = PBXProject;
			attributes = {
				LastUpgradeCheck = 0820;
				ORGANIZATIONNAME = GIKI;
				TargetAttributes = {
					2B072F8B1F5D9B4F0002BF0B = {
						CreatedOnToolsVersion = 8.2.1;
						DevelopmentTeam = RCF9CM736N;
						ProvisioningStyle = Automatic;
					};
					2B072FA41F5D9B4F0002BF0B = {
						CreatedOnToolsVersion = 8.2.1;
						DevelopmentTeam = RCF9CM736N;
						ProvisioningStyle = Automatic;
						TestTargetID = 2B072F8B1F5D9B4F0002BF0B;
					};
					2B072FAF1F5D9B4F0002BF0B = {
						CreatedOnToolsVersion = 8.2.1;
						DevelopmentTeam = RCF9CM736N;
						ProvisioningStyle = Automatic;
						TestTargetID = 2B072F8B1F5D9B4F0002BF0B;
					};
				};
			};
			buildConfigurationList = 2B072F871F5D9B4F0002BF0B /* Build configuration list for PBXProject "GDataBaseExample" */;
			compatibilityVersion = "Xcode 3.2";
			developmentRegion = English;
			hasScannedForEncodings = 0;
			knownRegions = (
				en,
				Base,
			);
			mainGroup = 2B072F831F5D9B4F0002BF0B;
			productRefGroup = 2B072F8D1F5D9B4F0002BF0B /* Products */;
			projectDirPath = "";
			projectRoot = "";
			targets = (
				2B072F8B1F5D9B4F0002BF0B /* GDataBaseExample */,
				2B072FA41F5D9B4F0002BF0B /* GDataBaseExampleTests */,
				2B072FAF1F5D9B4F0002BF0B /* GDataBaseExampleUITests */,
			);
		};
/* End PBXProject section */

/* Begin PBXResourcesBuildPhase section */
		2B072F8A1F5D9B4F0002BF0B /* Resources */ = {
			isa = PBXResourcesBuildPhase;
			buildActionMask = 2147483647;
			files = (
				2B072F9F1F5D9B4F0002BF0B /* LaunchScreen.storyboard in Resources */,
				2B072F9C1F5D9B4F0002BF0B /* Assets.xcassets in Resources */,
				2B072F9A1F5D9B4F0002BF0B /* Main.storyboard in Resources */,
				2BCAF9B3217EF79100633F93 /* model2.json in Resources */,
				2B072FE21F5D9C990002BF0B /* model.json in Resources */,
			);
			runOnlyForDeploymentPostprocessing = 0;
		};
		2B072FA31F5D9B4F0002BF0B /* Resources */ = {
			isa = PBXResourcesBuildPhase;
			buildActionMask = 2147483647;
			files = (
			);
			runOnlyForDeploymentPostprocessing = 0;
		};
		2B072FAE1F5D9B4F0002BF0B /* Resources */ = {
			isa = PBXResourcesBuildPhase;
			buildActionMask = 2147483647;
			files = (
			);
			runOnlyForDeploymentPostprocessing = 0;
		};
/* End PBXResourcesBuildPhase section */

/* Begin PBXShellScriptBuildPhase section */
		17AB07FB2B8EEB5C7F6B4EBC /* [CP] Embed Pods Frameworks */ = {
			isa = PBXShellScriptBuildPhase;
			buildActionMask = 2147483647;
			files = (
			);
			inputPaths = (
			);
			name = "[CP] Embed Pods Frameworks";
			outputPaths = (
			);
			runOnlyForDeploymentPostprocessing = 0;
			shellPath = /bin/sh;
			shellScript = "\"${SRCROOT}/Pods/Target Support Files/Pods-GDataBaseExample/Pods-GDataBaseExample-frameworks.sh\"\n";
			showEnvVarsInLog = 0;
		};
		2AF48F79EB04A5571D80FFE0 /* [CP] Check Pods Manifest.lock */ = {
			isa = PBXShellScriptBuildPhase;
			buildActionMask = 2147483647;
			files = (
			);
			inputPaths = (
			);
			name = "[CP] Check Pods Manifest.lock";
			outputPaths = (
			);
			runOnlyForDeploymentPostprocessing = 0;
			shellPath = /bin/sh;
			shellScript = "diff \"${PODS_ROOT}/../Podfile.lock\" \"${PODS_ROOT}/Manifest.lock\" > /dev/null\nif [[ $? != 0 ]] ; then\n    cat << EOM\nerror: The sandbox is not in sync with the Podfile.lock. Run 'pod install' or update your CocoaPods installation.\nEOM\n    exit 1\nfi\n";
			showEnvVarsInLog = 0;
		};
		2DDA830BFF4804AC270B1A68 /* [CP] Embed Pods Frameworks */ = {
			isa = PBXShellScriptBuildPhase;
			buildActionMask = 2147483647;
			files = (
			);
			inputPaths = (
			);
			name = "[CP] Embed Pods Frameworks";
			outputPaths = (
			);
			runOnlyForDeploymentPostprocessing = 0;
			shellPath = /bin/sh;
			shellScript = "\"${SRCROOT}/Pods/Target Support Files/Pods-GDataBaseExampleTests/Pods-GDataBaseExampleTests-frameworks.sh\"\n";
			showEnvVarsInLog = 0;
		};
		434927A52C10186CB4FA5B36 /* [CP] Copy Pods Resources */ = {
			isa = PBXShellScriptBuildPhase;
			buildActionMask = 2147483647;
			files = (
			);
			inputPaths = (
			);
			name = "[CP] Copy Pods Resources";
			outputPaths = (
			);
			runOnlyForDeploymentPostprocessing = 0;
			shellPath = /bin/sh;
			shellScript = "\"${SRCROOT}/Pods/Target Support Files/Pods-GDataBaseExampleUITests/Pods-GDataBaseExampleUITests-resources.sh\"\n";
			showEnvVarsInLog = 0;
		};
		8A2212374270B5E4315D7C43 /* [CP] Copy Pods Resources */ = {
			isa = PBXShellScriptBuildPhase;
			buildActionMask = 2147483647;
			files = (
			);
			inputPaths = (
			);
			name = "[CP] Copy Pods Resources";
			outputPaths = (
			);
			runOnlyForDeploymentPostprocessing = 0;
			shellPath = /bin/sh;
			shellScript = "\"${SRCROOT}/Pods/Target Support Files/Pods-GDataBaseExampleTests/Pods-GDataBaseExampleTests-resources.sh\"\n";
			showEnvVarsInLog = 0;
		};
		BE6C9063F678A8FACFB8BC33 /* [CP] Copy Pods Resources */ = {
			isa = PBXShellScriptBuildPhase;
			buildActionMask = 2147483647;
			files = (
			);
			inputPaths = (
			);
			name = "[CP] Copy Pods Resources";
			outputPaths = (
			);
			runOnlyForDeploymentPostprocessing = 0;
			shellPath = /bin/sh;
			shellScript = "\"${SRCROOT}/Pods/Target Support Files/Pods-GDataBaseExample/Pods-GDataBaseExample-resources.sh\"\n";
			showEnvVarsInLog = 0;
		};
		CE95D210CF741F43D0500C55 /* [CP] Check Pods Manifest.lock */ = {
			isa = PBXShellScriptBuildPhase;
			buildActionMask = 2147483647;
			files = (
			);
			inputPaths = (
			);
			name = "[CP] Check Pods Manifest.lock";
			outputPaths = (
			);
			runOnlyForDeploymentPostprocessing = 0;
			shellPath = /bin/sh;
			shellScript = "diff \"${PODS_ROOT}/../Podfile.lock\" \"${PODS_ROOT}/Manifest.lock\" > /dev/null\nif [[ $? != 0 ]] ; then\n    cat << EOM\nerror: The sandbox is not in sync with the Podfile.lock. Run 'pod install' or update your CocoaPods installation.\nEOM\n    exit 1\nfi\n";
			showEnvVarsInLog = 0;
		};
		D69703A479CB99674C72E3FA /* [CP] Check Pods Manifest.lock */ = {
			isa = PBXShellScriptBuildPhase;
			buildActionMask = 2147483647;
			files = (
			);
			inputPaths = (
			);
			name = "[CP] Check Pods Manifest.lock";
			outputPaths = (
			);
			runOnlyForDeploymentPostprocessing = 0;
			shellPath = /bin/sh;
			shellScript = "diff \"${PODS_ROOT}/../Podfile.lock\" \"${PODS_ROOT}/Manifest.lock\" > /dev/null\nif [[ $? != 0 ]] ; then\n    cat << EOM\nerror: The sandbox is not in sync with the Podfile.lock. Run 'pod install' or update your CocoaPods installation.\nEOM\n    exit 1\nfi\n";
			showEnvVarsInLog = 0;
		};
/* End PBXShellScriptBuildPhase section */

/* Begin PBXSourcesBuildPhase section */
		2B072F881F5D9B4F0002BF0B /* Sources */ = {
			isa = PBXSourcesBuildPhase;
			buildActionMask = 2147483647;
			files = (
				2B072FDA1F5D9C8A0002BF0B /* GBlackListModel.m in Sources */,
				2B072FD81F5D9C8A0002BF0B /* GAppsDataViewModel.m in Sources */,
				2B072FCD1F5D9B670002BF0B /* GDBCore.m in Sources */,
				2B072FE41F5D9C990002BF0B /* SQLiteReserveModel.m in Sources */,
				2B072F971F5D9B4F0002BF0B /* ViewController.m in Sources */,
				2B072F941F5D9B4F0002BF0B /* AppDelegate.m in Sources */,
				2B072FDC1F5D9C8A0002BF0B /* GTableA.m in Sources */,
				2B072FCB1F5D9B670002BF0B /* GDataBase.m in Sources */,
				2B072FE31F5D9C990002BF0B /* NSJSONSerialization+Utils.m in Sources */,
				2B072FCC1F5D9B670002BF0B /* GDataBaseUtils.m in Sources */,
				2B072F911F5D9B4F0002BF0B /* main.m in Sources */,
				2B072FD91F5D9C8A0002BF0B /* GAutoPrimaryKeyModel.m in Sources */,
				2B072FDB1F5D9C8A0002BF0B /* GMutilKeyModel.m in Sources */,
			);
			runOnlyForDeploymentPostprocessing = 0;
		};
		2B072FA11F5D9B4F0002BF0B /* Sources */ = {
			isa = PBXSourcesBuildPhase;
			buildActionMask = 2147483647;
			files = (
				2B072FAA1F5D9B4F0002BF0B /* GDataBaseExampleTests.m in Sources */,
			);
			runOnlyForDeploymentPostprocessing = 0;
		};
		2B072FAC1F5D9B4F0002BF0B /* Sources */ = {
			isa = PBXSourcesBuildPhase;
			buildActionMask = 2147483647;
			files = (
				2B072FB51F5D9B4F0002BF0B /* GDataBaseExampleUITests.m in Sources */,
			);
			runOnlyForDeploymentPostprocessing = 0;
		};
/* End PBXSourcesBuildPhase section */

/* Begin PBXTargetDependency section */
		2B072FA71F5D9B4F0002BF0B /* PBXTargetDependency */ = {
			isa = PBXTargetDependency;
			target = 2B072F8B1F5D9B4F0002BF0B /* GDataBaseExample */;
			targetProxy = 2B072FA61F5D9B4F0002BF0B /* PBXContainerItemProxy */;
		};
		2B072FB21F5D9B4F0002BF0B /* PBXTargetDependency */ = {
			isa = PBXTargetDependency;
			target = 2B072F8B1F5D9B4F0002BF0B /* GDataBaseExample */;
			targetProxy = 2B072FB11F5D9B4F0002BF0B /* PBXContainerItemProxy */;
		};
/* End PBXTargetDependency section */

/* Begin PBXVariantGroup section */
		2B072F981F5D9B4F0002BF0B /* Main.storyboard */ = {
			isa = PBXVariantGroup;
			children = (
				2B072F991F5D9B4F0002BF0B /* Base */,
			);
			name = Main.storyboard;
			sourceTree = "<group>";
		};
		2B072F9D1F5D9B4F0002BF0B /* LaunchScreen.storyboard */ = {
			isa = PBXVariantGroup;
			children = (
				2B072F9E1F5D9B4F0002BF0B /* Base */,
			);
			name = LaunchScreen.storyboard;
			sourceTree = "<group>";
		};
/* End PBXVariantGroup section */

/* Begin XCBuildConfiguration section */
		2B072FB71F5D9B4F0002BF0B /* Debug */ = {
			isa = XCBuildConfiguration;
			buildSettings = {
				ALWAYS_SEARCH_USER_PATHS = NO;
				CLANG_ANALYZER_NONNULL = YES;
				CLANG_CXX_LANGUAGE_STANDARD = "gnu++0x";
				CLANG_CXX_LIBRARY = "libc++";
				CLANG_ENABLE_MODULES = YES;
				CLANG_ENABLE_OBJC_ARC = YES;
				CLANG_WARN_BOOL_CONVERSION = YES;
				CLANG_WARN_CONSTANT_CONVERSION = YES;
				CLANG_WARN_DIRECT_OBJC_ISA_USAGE = YES_ERROR;
				CLANG_WARN_DOCUMENTATION_COMMENTS = YES;
				CLANG_WARN_EMPTY_BODY = YES;
				CLANG_WARN_ENUM_CONVERSION = YES;
				CLANG_WARN_INFINITE_RECURSION = YES;
				CLANG_WARN_INT_CONVERSION = YES;
				CLANG_WARN_OBJC_ROOT_CLASS = YES_ERROR;
				CLANG_WARN_SUSPICIOUS_MOVE = YES;
				CLANG_WARN_UNREACHABLE_CODE = YES;
				CLANG_WARN__DUPLICATE_METHOD_MATCH = YES;
				"CODE_SIGN_IDENTITY[sdk=iphoneos*]" = "iPhone Developer";
				COPY_PHASE_STRIP = NO;
				DEBUG_INFORMATION_FORMAT = dwarf;
				ENABLE_STRICT_OBJC_MSGSEND = YES;
				ENABLE_TESTABILITY = YES;
				GCC_C_LANGUAGE_STANDARD = gnu99;
				GCC_DYNAMIC_NO_PIC = NO;
				GCC_NO_COMMON_BLOCKS = YES;
				GCC_OPTIMIZATION_LEVEL = 0;
				GCC_PREPROCESSOR_DEFINITIONS = (
					"DEBUG=1",
					"$(inherited)",
				);
				GCC_WARN_64_TO_32_BIT_CONVERSION = YES;
				GCC_WARN_ABOUT_RETURN_TYPE = YES_ERROR;
				GCC_WARN_UNDECLARED_SELECTOR = YES;
				GCC_WARN_UNINITIALIZED_AUTOS = YES_AGGRESSIVE;
				GCC_WARN_UNUSED_FUNCTION = YES;
				GCC_WARN_UNUSED_VARIABLE = YES;
				IPHONEOS_DEPLOYMENT_TARGET = 10.2;
				MTL_ENABLE_DEBUG_INFO = YES;
				ONLY_ACTIVE_ARCH = YES;
				SDKROOT = iphoneos;
			};
			name = Debug;
		};
		2B072FB81F5D9B4F0002BF0B /* Release */ = {
			isa = XCBuildConfiguration;
			buildSettings = {
				ALWAYS_SEARCH_USER_PATHS = NO;
				CLANG_ANALYZER_NONNULL = YES;
				CLANG_CXX_LANGUAGE_STANDARD = "gnu++0x";
				CLANG_CXX_LIBRARY = "libc++";
				CLANG_ENABLE_MODULES = YES;
				CLANG_ENABLE_OBJC_ARC = YES;
				CLANG_WARN_BOOL_CONVERSION = YES;
				CLANG_WARN_CONSTANT_CONVERSION = YES;
				CLANG_WARN_DIRECT_OBJC_ISA_USAGE = YES_ERROR;
				CLANG_WARN_DOCUMENTATION_COMMENTS = YES;
				CLANG_WARN_EMPTY_BODY = YES;
				CLANG_WARN_ENUM_CONVERSION = YES;
				CLANG_WARN_INFINITE_RECURSION = YES;
				CLANG_WARN_INT_CONVERSION = YES;
				CLANG_WARN_OBJC_ROOT_CLASS = YES_ERROR;
				CLANG_WARN_SUSPICIOUS_MOVE = YES;
				CLANG_WARN_UNREACHABLE_CODE = YES;
				CLANG_WARN__DUPLICATE_METHOD_MATCH = YES;
				"CODE_SIGN_IDENTITY[sdk=iphoneos*]" = "iPhone Developer";
				COPY_PHASE_STRIP = NO;
				DEBUG_INFORMATION_FORMAT = "dwarf-with-dsym";
				ENABLE_NS_ASSERTIONS = NO;
				ENABLE_STRICT_OBJC_MSGSEND = YES;
				GCC_C_LANGUAGE_STANDARD = gnu99;
				GCC_NO_COMMON_BLOCKS = YES;
				GCC_WARN_64_TO_32_BIT_CONVERSION = YES;
				GCC_WARN_ABOUT_RETURN_TYPE = YES_ERROR;
				GCC_WARN_UNDECLARED_SELECTOR = YES;
				GCC_WARN_UNINITIALIZED_AUTOS = YES_AGGRESSIVE;
				GCC_WARN_UNUSED_FUNCTION = YES;
				GCC_WARN_UNUSED_VARIABLE = YES;
				IPHONEOS_DEPLOYMENT_TARGET = 10.2;
				MTL_ENABLE_DEBUG_INFO = NO;
				SDKROOT = iphoneos;
				VALIDATE_PRODUCT = YES;
			};
			name = Release;
		};
		2B072FBA1F5D9B4F0002BF0B /* Debug */ = {
			isa = XCBuildConfiguration;
			baseConfigurationReference = 58A4012957001C9423EC571C /* Pods-GDataBaseExample.debug.xcconfig */;
			buildSettings = {
				ASSETCATALOG_COMPILER_APPICON_NAME = AppIcon;
				DEVELOPMENT_TEAM = RCF9CM736N;
				INFOPLIST_FILE = GDataBaseExample/Info.plist;
				LD_RUNPATH_SEARCH_PATHS = "$(inherited) @executable_path/Frameworks";
				PRODUCT_BUNDLE_IDENTIFIER = com.GIKI.www.GDataBaseExample;
				PRODUCT_NAME = "$(TARGET_NAME)";
			};
			name = Debug;
		};
		2B072FBB1F5D9B4F0002BF0B /* Release */ = {
			isa = XCBuildConfiguration;
			baseConfigurationReference = E7579C4324749E2A8FF8CC37 /* Pods-GDataBaseExample.release.xcconfig */;
			buildSettings = {
				ASSETCATALOG_COMPILER_APPICON_NAME = AppIcon;
				DEVELOPMENT_TEAM = RCF9CM736N;
				INFOPLIST_FILE = GDataBaseExample/Info.plist;
				LD_RUNPATH_SEARCH_PATHS = "$(inherited) @executable_path/Frameworks";
				PRODUCT_BUNDLE_IDENTIFIER = com.GIKI.www.GDataBaseExample;
				PRODUCT_NAME = "$(TARGET_NAME)";
			};
			name = Release;
		};
		2B072FBD1F5D9B4F0002BF0B /* Debug */ = {
			isa = XCBuildConfiguration;
			baseConfigurationReference = 0BFFB1A66FEC94A4D31FC7DD /* Pods-GDataBaseExampleTests.debug.xcconfig */;
			buildSettings = {
				BUNDLE_LOADER = "$(TEST_HOST)";
				DEVELOPMENT_TEAM = RCF9CM736N;
				INFOPLIST_FILE = GDataBaseExampleTests/Info.plist;
				LD_RUNPATH_SEARCH_PATHS = "$(inherited) @executable_path/Frameworks @loader_path/Frameworks";
				PRODUCT_BUNDLE_IDENTIFIER = com.GIKI.www.GDataBaseExampleTests;
				PRODUCT_NAME = "$(TARGET_NAME)";
				TEST_HOST = "$(BUILT_PRODUCTS_DIR)/GDataBaseExample.app/GDataBaseExample";
			};
			name = Debug;
		};
		2B072FBE1F5D9B4F0002BF0B /* Release */ = {
			isa = XCBuildConfiguration;
			baseConfigurationReference = B468624567ED37F7BC4A604C /* Pods-GDataBaseExampleTests.release.xcconfig */;
			buildSettings = {
				BUNDLE_LOADER = "$(TEST_HOST)";
				DEVELOPMENT_TEAM = RCF9CM736N;
				INFOPLIST_FILE = GDataBaseExampleTests/Info.plist;
				LD_RUNPATH_SEARCH_PATHS = "$(inherited) @executable_path/Frameworks @loader_path/Frameworks";
				PRODUCT_BUNDLE_IDENTIFIER = com.GIKI.www.GDataBaseExampleTests;
				PRODUCT_NAME = "$(TARGET_NAME)";
				TEST_HOST = "$(BUILT_PRODUCTS_DIR)/GDataBaseExample.app/GDataBaseExample";
			};
			name = Release;
		};
		2B072FC01F5D9B4F0002BF0B /* Debug */ = {
			isa = XCBuildConfiguration;
			baseConfigurationReference = 2A70A4D004FAC13F56ECC321 /* Pods-GDataBaseExampleUITests.debug.xcconfig */;
			buildSettings = {
				DEVELOPMENT_TEAM = RCF9CM736N;
				INFOPLIST_FILE = GDataBaseExampleUITests/Info.plist;
				LD_RUNPATH_SEARCH_PATHS = "$(inherited) @executable_path/Frameworks @loader_path/Frameworks";
				PRODUCT_BUNDLE_IDENTIFIER = com.GIKI.www.GDataBaseExampleUITests;
				PRODUCT_NAME = "$(TARGET_NAME)";
				TEST_TARGET_NAME = GDataBaseExample;
			};
			name = Debug;
		};
		2B072FC11F5D9B4F0002BF0B /* Release */ = {
			isa = XCBuildConfiguration;
			baseConfigurationReference = 226C12CC6251D5A04474D89B /* Pods-GDataBaseExampleUITests.release.xcconfig */;
			buildSettings = {
				DEVELOPMENT_TEAM = RCF9CM736N;
				INFOPLIST_FILE = GDataBaseExampleUITests/Info.plist;
				LD_RUNPATH_SEARCH_PATHS = "$(inherited) @executable_path/Frameworks @loader_path/Frameworks";
				PRODUCT_BUNDLE_IDENTIFIER = com.GIKI.www.GDataBaseExampleUITests;
				PRODUCT_NAME = "$(TARGET_NAME)";
				TEST_TARGET_NAME = GDataBaseExample;
			};
			name = Release;
		};
/* End XCBuildConfiguration section */

/* Begin XCConfigurationList section */
		2B072F871F5D9B4F0002BF0B /* Build configuration list for PBXProject "GDataBaseExample" */ = {
			isa = XCConfigurationList;
			buildConfigurations = (
				2B072FB71F5D9B4F0002BF0B /* Debug */,
				2B072FB81F5D9B4F0002BF0B /* Release */,
			);
			defaultConfigurationIsVisible = 0;
			defaultConfigurationName = Release;
		};
		2B072FB91F5D9B4F0002BF0B /* Build configuration list for PBXNativeTarget "GDataBaseExample" */ = {
			isa = XCConfigurationList;
			buildConfigurations = (
				2B072FBA1F5D9B4F0002BF0B /* Debug */,
				2B072FBB1F5D9B4F0002BF0B /* Release */,
			);
			defaultConfigurationIsVisible = 0;
			defaultConfigurationName = Release;
		};
		2B072FBC1F5D9B4F0002BF0B /* Build configuration list for PBXNativeTarget "GDataBaseExampleTests" */ = {
			isa = XCConfigurationList;
			buildConfigurations = (
				2B072FBD1F5D9B4F0002BF0B /* Debug */,
				2B072FBE1F5D9B4F0002BF0B /* Release */,
			);
			defaultConfigurationIsVisible = 0;
			defaultConfigurationName = Release;
		};
		2B072FBF1F5D9B4F0002BF0B /* Build configuration list for PBXNativeTarget "GDataBaseExampleUITests" */ = {
			isa = XCConfigurationList;
			buildConfigurations = (
				2B072FC01F5D9B4F0002BF0B /* Debug */,
				2B072FC11F5D9B4F0002BF0B /* Release */,
			);
			defaultConfigurationIsVisible = 0;
			defaultConfigurationName = Release;
		};
/* End XCConfigurationList section */
	};
	rootObject = 2B072F841F5D9B4F0002BF0B /* Project object */;
}
